
Microsoft Visual Studio Solution File, Format Version 12.00
# Visual Studio Version 17
VisualStudioVersion = 17.2.32616.157
MinimumVisualStudioVersion = 10.0.40219.1
Project("{FAE04EC0-301F-11D3-BF4B-00C04F79EFBC}") = "first-api", "first-api\first-api.csproj", "{A948C256-744D-4FDC-906A-8DABAD8FAA3B}"
EndProject
Global
	GlobalSection(SolutionConfigurationPlatforms) = preSolution
		Debug|Any CPU = Debug|Any CPU
		Release|Any CPU = Release|Any CPU
	EndGlobalSection
	GlobalSection(ProjectConfigurationPlatforms) = postSolution
		{A948C256-744D-4FDC-906A-8DABAD8FAA3B}.Debug|Any CPU.ActiveCfg = Debug|Any CPU
		{A948C256-744D-4FDC-906A-8DABAD8FAA3B}.Debug|Any CPU.Build.0 = Debug|Any CPU
		{A948C256-744D-4FDC-906A-8DABAD8FAA3B}.Release|Any CPU.ActiveCfg = Release|Any CPU
		{A948C256-744D-4FDC-906A-8DABAD8FAA3B}.Release|Any CPU.Build.0 = Release|Any CPU
	EndGlobalSection
	GlobalSection(SolutionProperties) = preSolution
		HideSolutionNode = FALSE
	EndGlobalSection
	GlobalSection(ExtensibilityGlobals) = postSolution
		SolutionGuid = {EBBDC2DB-38E1-41CE-8949-C804B0F5422A}
	EndGlobalSection
EndGlobal
